
Microsoft Visual Studio Solution File, Format Version 12.00
# Visual Studio Version 17
VisualStudioVersion = 17.5.33627.172
MinimumVisualStudioVersion = 10.0.40219.1
Project("{9A19103F-16F7-4668-BE54-9A1E7A4F7556}") = "Entities", "Entities\Entities.csproj", "{675F69FF-A5AC-408A-984A-0AD14B48AA9F}"
EndProject
Project("{9A19103F-16F7-4668-BE54-9A1E7A4F7556}") = "DataAccess", "DataAccess\DataAccess.csproj", "{83F60766-27F1-4B47-9431-7F877998B2DD}"
EndProject
Project("{9A19103F-16F7-4668-BE54-9A1E7A4F7556}") = "Business", "Business\Business.csproj", "{2EA51C60-EB75-4C87-92C0-C7BC213B628D}"
EndProject
Project("{9A19103F-16F7-4668-BE54-9A1E7A4F7556}") = "Core", "Core\Core.csproj", "{7FCB5B77-1EAA-4ABC-BD31-22E6BAC9E0B1}"
EndProject
Project("{9A19103F-16F7-4668-BE54-9A1E7A4F7556}") = "MvcWebUI3", "MvcWebUI3\MvcWebUI3.csproj", "{46EE8019-85CE-41A1-B28F-AA331C6A213B}"
EndProject
Global
	GlobalSection(SolutionConfigurationPlatforms) = preSolution
		Debug|Any CPU = Debug|Any CPU
		Release|Any CPU = Release|Any CPU
	EndGlobalSection
	GlobalSection(ProjectConfigurationPlatforms) = postSolution
		{675F69FF-A5AC-408A-984A-0AD14B48AA9F}.Debug|Any CPU.ActiveCfg = Debug|Any CPU
		{675F69FF-A5AC-408A-984A-0AD14B48AA9F}.Debug|Any CPU.Build.0 = Debug|Any CPU
		{675F69FF-A5AC-408A-984A-0AD14B48AA9F}.Release|Any CPU.ActiveCfg = Release|Any CPU
		{675F69FF-A5AC-408A-984A-0AD14B48AA9F}.Release|Any CPU.Build.0 = Release|Any CPU
		{83F60766-27F1-4B47-9431-7F877998B2DD}.Debug|Any CPU.ActiveCfg = Debug|Any CPU
		{83F60766-27F1-4B47-9431-7F877998B2DD}.Debug|Any CPU.Build.0 = Debug|Any CPU
		{83F60766-27F1-4B47-9431-7F877998B2DD}.Release|Any CPU.ActiveCfg = Release|Any CPU
		{83F60766-27F1-4B47-9431-7F877998B2DD}.Release|Any CPU.Build.0 = Release|Any CPU
		{2EA51C60-EB75-4C87-92C0-C7BC213B628D}.Debug|Any CPU.ActiveCfg = Debug|Any CPU
		{2EA51C60-EB75-4C87-92C0-C7BC213B628D}.Debug|Any CPU.Build.0 = Debug|Any CPU
		{2EA51C60-EB75-4C87-92C0-C7BC213B628D}.Release|Any CPU.ActiveCfg = Release|Any CPU
		{2EA51C60-EB75-4C87-92C0-C7BC213B628D}.Release|Any CPU.Build.0 = Release|Any CPU
		{7FCB5B77-1EAA-4ABC-BD31-22E6BAC9E0B1}.Debug|Any CPU.ActiveCfg = Debug|Any CPU
		{7FCB5B77-1EAA-4ABC-BD31-22E6BAC9E0B1}.Debug|Any CPU.Build.0 = Debug|Any CPU
		{7FCB5B77-1EAA-4ABC-BD31-22E6BAC9E0B1}.Release|Any CPU.ActiveCfg = Release|Any CPU
		{7FCB5B77-1EAA-4ABC-BD31-22E6BAC9E0B1}.Release|Any CPU.Build.0 = Release|Any CPU
		{46EE8019-85CE-41A1-B28F-AA331C6A213B}.Debug|Any CPU.ActiveCfg = Debug|Any CPU
		{46EE8019-85CE-41A1-B28F-AA331C6A213B}.Debug|Any CPU.Build.0 = Debug|Any CPU
		{46EE8019-85CE-41A1-B28F-AA331C6A213B}.Release|Any CPU.ActiveCfg = Release|Any CPU
		{46EE8019-85CE-41A1-B28F-AA331C6A213B}.Release|Any CPU.Build.0 = Release|Any CPU
	EndGlobalSection
	GlobalSection(SolutionProperties) = preSolution
		HideSolutionNode = FALSE
	EndGlobalSection
	GlobalSection(ExtensibilityGlobals) = postSolution
		SolutionGuid = {413F8142-9A26-4B68-B673-682096ABFBD5}
	EndGlobalSection
EndGlobal
